{
  "requires": true,
  "lockfileVersion": 1,
  "dependencies": {
    "uuid": {
      "version": "3.3.3",
      "resolved": "https://registry.npmjs.org/uuid/-/uuid-3.3.3.tgz",
      "integrity": "sha512-pW0No1RGHgzlpHJO1nsVrHKpOEIxkGg1xB+v0ZmdNH5OAeAwzAVrCnI2/6Mtx+Uys6iaylxa+D3g4j63IKKjSQ=="
    },
    "vue-uuid": {
      "version": "1.1.1",
      "resolved": "https://registry.npmjs.org/vue-uuid/-/vue-uuid-1.1.1.tgz",
      "integrity": "sha512-iJ9zuLjWuVdaNOhoKLHl1Af1pkbk4e33upMesAulH6HqoV9rSDM+2gvP+duwQ4aQijouYHGzwRPzEZBqw7ruig==",
      "requires": {
        "uuid": "^3.3.2"
      }
    }
  }
}
